// !$*UTF8*$!
{
	archiveVersion = 1;
	classes = {
	};
	objectVersion = 46;
	objects = {

/* Begin PBXBuildFile section */
		AB8443A619A1091300A01DAA /* Foundation.framework in Frameworks */ = {isa = PBXBuildFile; fileRef = AB8443A519A1091300A01DAA /* Foundation.framework */; };
		AB8443A819A1091300A01DAA /* CoreGraphics.framework in Frameworks */ = {isa = PBXBuildFile; fileRef = AB8443A719A1091300A01DAA /* CoreGraphics.framework */; };
		AB8443AA19A1091300A01DAA /* UIKit.framework in Frameworks */ = {isa = PBXBuildFile; fileRef = AB8443A919A1091300A01DAA /* UIKit.framework */; };
		AB8443B019A1091300A01DAA /* InfoPlist.strings in Resources */ = {isa = PBXBuildFile; fileRef = AB8443AE19A1091300A01DAA /* InfoPlist.strings */; };
		AB8443B219A1091300A01DAA /* main.m in Sources */ = {isa = PBXBuildFile; fileRef = AB8443B119A1091300A01DAA /* main.m */; };
		AB8443B619A1091300A01DAA /* CardGameAppDelegate.m in Sources */ = {isa = PBXBuildFile; fileRef = AB8443B519A1091300A01DAA /* CardGameAppDelegate.m */; };
		AB8443B919A1091300A01DAA /* Main.storyboard in Resources */ = {isa = PBXBuildFile; fileRef = AB8443B719A1091300A01DAA /* Main.storyboard */; };
		AB8443BC19A1091300A01DAA /* CardGameViewController.m in Sources */ = {isa = PBXBuildFile; fileRef = AB8443BB19A1091300A01DAA /* CardGameViewController.m */; };
		AB8443BE19A1091300A01DAA /* Images.xcassets in Resources */ = {isa = PBXBuildFile; fileRef = AB8443BD19A1091300A01DAA /* Images.xcassets */; };
		AB8443C519A1091300A01DAA /* XCTest.framework in Frameworks */ = {isa = PBXBuildFile; fileRef = AB8443C419A1091300A01DAA /* XCTest.framework */; };
		AB8443C619A1091300A01DAA /* Foundation.framework in Frameworks */ = {isa = PBXBuildFile; fileRef = AB8443A519A1091300A01DAA /* Foundation.framework */; };
		AB8443C719A1091300A01DAA /* UIKit.framework in Frameworks */ = {isa = PBXBuildFile; fileRef = AB8443A919A1091300A01DAA /* UIKit.framework */; };
		AB8443CF19A1091300A01DAA /* InfoPlist.strings in Resources */ = {isa = PBXBuildFile; fileRef = AB8443CD19A1091300A01DAA /* InfoPlist.strings */; };
		AB8443D119A1091300A01DAA /* MatchismoTests.m in Sources */ = {isa = PBXBuildFile; fileRef = AB8443D019A1091300A01DAA /* MatchismoTests.m */; };
/* End PBXBuildFile section */

/* Begin PBXContainerItemProxy section */
		AB8443C819A1091300A01DAA /* PBXContainerItemProxy */ = {
			isa = PBXContainerItemProxy;
			containerPortal = AB84439A19A1091300A01DAA /* Project object */;
			proxyType = 1;
			remoteGlobalIDString = AB8443A119A1091300A01DAA;
			remoteInfo = Matchismo;
		};
/* End PBXContainerItemProxy section */

/* Begin PBXFileReference section */
		AB8443A219A1091300A01DAA /* Matchismo.app */ = {isa = PBXFileReference; explicitFileType = wrapper.application; includeInIndex = 0; path = Matchismo.app; sourceTree = BUILT_PRODUCTS_DIR; };
		AB8443A519A1091300A01DAA /* Foundation.framework */ = {isa = PBXFileReference; lastKnownFileType = wrapper.framework; name = Foundation.framework; path = System/Library/Frameworks/Foundation.framework; sourceTree = SDKROOT; };
		AB8443A719A1091300A01DAA /* CoreGraphics.framework */ = {isa = PBXFileReference; lastKnownFileType = wrapper.framework; name = CoreGraphics.framework; path = System/Library/Frameworks/CoreGraphics.framework; sourceTree = SDKROOT; };
		AB8443A919A1091300A01DAA /* UIKit.framework */ = {isa = PBXFileReference; lastKnownFileType = wrapper.framework; name = UIKit.framework; path = System/Library/Frameworks/UIKit.framework; sourceTree = SDKROOT; };
		AB8443AD19A1091300A01DAA /* Matchismo-Info.plist */ = {isa = PBXFileReference; lastKnownFileType = text.plist.xml; path = "Matchismo-Info.plist"; sourceTree = "<group>"; };
		AB8443AF19A1091300A01DAA /* en */ = {isa = PBXFileReference; lastKnownFileType = text.plist.strings; name = en; path = en.lproj/InfoPlist.strings; sourceTree = "<group>"; };
		AB8443B119A1091300A01DAA /* main.m */ = {isa = PBXFileReference; lastKnownFileType = sourcecode.c.objc; path = main.m; sourceTree = "<group>"; };
		AB8443B319A1091300A01DAA /* Matchismo-Prefix.pch */ = {isa = PBXFileReference; lastKnownFileType = sourcecode.c.h; path = "Matchismo-Prefix.pch"; sourceTree = "<group>"; };
		AB8443B419A1091300A01DAA /* CardGameAppDelegate.h */ = {isa = PBXFileReference; lastKnownFileType = sourcecode.c.h; path = CardGameAppDelegate.h; sourceTree = "<group>"; };
		AB8443B519A1091300A01DAA /* CardGameAppDelegate.m */ = {isa = PBXFileReference; lastKnownFileType = sourcecode.c.objc; path = CardGameAppDelegate.m; sourceTree = "<group>"; };
		AB8443B819A1091300A01DAA /* Base */ = {isa = PBXFileReference; lastKnownFileType = file.storyboard; name = Base; path = Base.lproj/Main.storyboard; sourceTree = "<group>"; };
		AB8443BA19A1091300A01DAA /* CardGameViewController.h */ = {isa = PBXFileReference; lastKnownFileType = sourcecode.c.h; path = CardGameViewController.h; sourceTree = "<group>"; };
		AB8443BB19A1091300A01DAA /* CardGameViewController.m */ = {isa = PBXFileReference; lastKnownFileType = sourcecode.c.objc; path = CardGameViewController.m; sourceTree = "<group>"; };
		AB8443BD19A1091300A01DAA /* Images.xcassets */ = {isa = PBXFileReference; lastKnownFileType = folder.assetcatalog; path = Images.xcassets; sourceTree = "<group>"; };
		AB8443C319A1091300A01DAA /* MatchismoTests.xctest */ = {isa = PBXFileReference; explicitFileType = wrapper.cfbundle; includeInIndex = 0; path = MatchismoTests.xctest; sourceTree = BUILT_PRODUCTS_DIR; };
		AB8443C419A1091300A01DAA /* XCTest.framework */ = {isa = PBXFileReference; lastKnownFileType = wrapper.framework; name = XCTest.framework; path = Library/Frameworks/XCTest.framework; sourceTree = DEVELOPER_DIR; };
		AB8443CC19A1091300A01DAA /* MatchismoTests-Info.plist */ = {isa = PBXFileReference; lastKnownFileType = text.plist.xml; path = "MatchismoTests-Info.plist"; sourceTree = "<group>"; };
		AB8443CE19A1091300A01DAA /* en */ = {isa = PBXFileReference; lastKnownFileType = text.plist.strings; name = en; path = en.lproj/InfoPlist.strings; sourceTree = "<group>"; };
		AB8443D019A1091300A01DAA /* MatchismoTests.m */ = {isa = PBXFileReference; lastKnownFileType = sourcecode.c.objc; path = MatchismoTests.m; sourceTree = "<group>"; };
/* End PBXFileReference section */

/* Begin PBXFrameworksBuildPhase section */
		AB84439F19A1091300A01DAA /* Frameworks */ = {
			isa = PBXFrameworksBuildPhase;
			buildActionMask = 2147483647;
			files = (
				AB8443A819A1091300A01DAA /* CoreGraphics.framework in Frameworks */,
				AB8443AA19A1091300A01DAA /* UIKit.framework in Frameworks */,
				AB8443A619A1091300A01DAA /* Foundation.framework in Frameworks */,
			);
			runOnlyForDeploymentPostprocessing = 0;
		};
		AB8443C019A1091300A01DAA /* Frameworks */ = {
			isa = PBXFrameworksBuildPhase;
			buildActionMask = 2147483647;
			files = (
				AB8443C519A1091300A01DAA /* XCTest.framework in Frameworks */,
				AB8443C719A1091300A01DAA /* UIKit.framework in Frameworks */,
				AB8443C619A1091300A01DAA /* Foundation.framework in Frameworks */,
			);
			runOnlyForDeploymentPostprocessing = 0;
		};
/* End PBXFrameworksBuildPhase section */

/* Begin PBXGroup section */
		AB84439919A1091300A01DAA = {
			isa = PBXGroup;
			children = (
				AB8443AB19A1091300A01DAA /* Matchismo */,
				AB8443CA19A1091300A01DAA /* MatchismoTests */,
				AB8443A419A1091300A01DAA /* Frameworks */,
				AB8443A319A1091300A01DAA /* Products */,
			);
			sourceTree = "<group>";
		};
		AB8443A319A1091300A01DAA /* Products */ = {
			isa = PBXGroup;
			children = (
				AB8443A219A1091300A01DAA /* Matchismo.app */,
				AB8443C319A1091300A01DAA /* MatchismoTests.xctest */,
			);
			name = Products;
			sourceTree = "<group>";
		};
		AB8443A419A1091300A01DAA /* Frameworks */ = {
			isa = PBXGroup;
			children = (
				AB8443A519A1091300A01DAA /* Foundation.framework */,
				AB8443A719A1091300A01DAA /* CoreGraphics.framework */,
				AB8443A919A1091300A01DAA /* UIKit.framework */,
				AB8443C419A1091300A01DAA /* XCTest.framework */,
			);
			name = Frameworks;
			sourceTree = "<group>";
		};
		AB8443AB19A1091300A01DAA /* Matchismo */ = {
			isa = PBXGroup;
			children = (
				AB8443B419A1091300A01DAA /* CardGameAppDelegate.h */,
				AB8443B519A1091300A01DAA /* CardGameAppDelegate.m */,
				AB8443B719A1091300A01DAA /* Main.storyboard */,
				AB8443BA19A1091300A01DAA /* CardGameViewController.h */,
				AB8443BB19A1091300A01DAA /* CardGameViewController.m */,
				AB8443BD19A1091300A01DAA /* Images.xcassets */,
				AB8443AC19A1091300A01DAA /* Supporting Files */,
			);
			path = Matchismo;
			sourceTree = "<group>";
		};
		AB8443AC19A1091300A01DAA /* Supporting Files */ = {
			isa = PBXGroup;
			children = (
				AB8443AD19A1091300A01DAA /* Matchismo-Info.plist */,
				AB8443AE19A1091300A01DAA /* InfoPlist.strings */,
				AB8443B119A1091300A01DAA /* main.m */,
				AB8443B319A1091300A01DAA /* Matchismo-Prefix.pch */,
			);
			name = "Supporting Files";
			sourceTree = "<group>";
		};
		AB8443CA19A1091300A01DAA /* MatchismoTests */ = {
			isa = PBXGroup;
			children = (
				AB8443D019A1091300A01DAA /* MatchismoTests.m */,
				AB8443CB19A1091300A01DAA /* Supporting Files */,
			);
			path = MatchismoTests;
			sourceTree = "<group>";
		};
		AB8443CB19A1091300A01DAA /* Supporting Files */ = {
			isa = PBXGroup;
			children = (
				AB8443CC19A1091300A01DAA /* MatchismoTests-Info.plist */,
				AB8443CD19A1091300A01DAA /* InfoPlist.strings */,
			);
			name = "Supporting Files";
			sourceTree = "<group>";
		};
/* End PBXGroup section */

/* Begin PBXNativeTarget section */
		AB8443A119A1091300A01DAA /* Matchismo */ = {
			isa = PBXNativeTarget;
			buildConfigurationList = AB8443D419A1091300A01DAA /* Build configuration list for PBXNativeTarget "Matchismo" */;
			buildPhases = (
				AB84439E19A1091300A01DAA /* Sources */,
				AB84439F19A1091300A01DAA /* Frameworks */,
				AB8443A019A1091300A01DAA /* Resources */,
			);
			buildRules = (
			);
			dependencies = (
			);
			name = Matchismo;
			productName = Matchismo;
			productReference = AB8443A219A1091300A01DAA /* Matchismo.app */;
			productType = "com.apple.product-type.application";
		};
		AB8443C219A1091300A01DAA /* MatchismoTests */ = {
			isa = PBXNativeTarget;
			buildConfigurationList = AB8443D719A1091300A01DAA /* Build configuration list for PBXNativeTarget "MatchismoTests" */;
			buildPhases = (
				AB8443BF19A1091300A01DAA /* Sources */,
				AB8443C019A1091300A01DAA /* Frameworks */,
				AB8443C119A1091300A01DAA /* Resources */,
			);
			buildRules = (
			);
			dependencies = (
				AB8443C919A1091300A01DAA /* PBXTargetDependency */,
			);
			name = MatchismoTests;
			productName = MatchismoTests;
			productReference = AB8443C319A1091300A01DAA /* MatchismoTests.xctest */;
			productType = "com.apple.product-type.bundle.unit-test";
		};
/* End PBXNativeTarget section */

/* Begin PBXProject section */
		AB84439A19A1091300A01DAA /* Project object */ = {
			isa = PBXProject;
			attributes = {
				CLASSPREFIX = CardGame;
				LastUpgradeCheck = 0510;
				ORGANIZATIONNAME = "Metal Toad Media";
				TargetAttributes = {
					AB8443C219A1091300A01DAA = {
						TestTargetID = AB8443A119A1091300A01DAA;
					};
				};
			};
			buildConfigurationList = AB84439D19A1091300A01DAA /* Build configuration list for PBXProject "Matchismo" */;
			compatibilityVersion = "Xcode 3.2";
			developmentRegion = English;
			hasScannedForEncodings = 0;
			knownRegions = (
				en,
				Base,
			);
			mainGroup = AB84439919A1091300A01DAA;
			productRefGroup = AB8443A319A1091300A01DAA /* Products */;
			projectDirPath = "";
			projectRoot = "";
			targets = (
				AB8443A119A1091300A01DAA /* Matchismo */,
				AB8443C219A1091300A01DAA /* MatchismoTests */,
			);
		};
/* End PBXProject section */

/* Begin PBXResourcesBuildPhase section */
		AB8443A019A1091300A01DAA /* Resources */ = {
			isa = PBXResourcesBuildPhase;
			buildActionMask = 2147483647;
			files = (
				AB8443BE19A1091300A01DAA /* Images.xcassets in Resources */,
				AB8443B019A1091300A01DAA /* InfoPlist.strings in Resources */,
				AB8443B919A1091300A01DAA /* Main.storyboard in Resources */,
			);
			runOnlyForDeploymentPostprocessing = 0;
		};
		AB8443C119A1091300A01DAA /* Resources */ = {
			isa = PBXResourcesBuildPhase;
			buildActionMask = 2147483647;
			files = (
				AB8443CF19A1091300A01DAA /* InfoPlist.strings in Resources */,
			);
			runOnlyForDeploymentPostprocessing = 0;
		};
/* End PBXResourcesBuildPhase section */

/* Begin PBXSourcesBuildPhase section */
		AB84439E19A1091300A01DAA /* Sources */ = {
			isa = PBXSourcesBuildPhase;
			buildActionMask = 2147483647;
			files = (
				AB8443B619A1091300A01DAA /* CardGameAppDelegate.m in Sources */,
				AB8443BC19A1091300A01DAA /* CardGameViewController.m in Sources */,
				AB8443B219A1091300A01DAA /* main.m in Sources */,
			);
			runOnlyForDeploymentPostprocessing = 0;
		};
		AB8443BF19A1091300A01DAA /* Sources */ = {
			isa = PBXSourcesBuildPhase;
			buildActionMask = 2147483647;
			files = (
				AB8443D119A1091300A01DAA /* MatchismoTests.m in Sources */,
			);
			runOnlyForDeploymentPostprocessing = 0;
		};
/* End PBXSourcesBuildPhase section */

/* Begin PBXTargetDependency section */
		AB8443C919A1091300A01DAA /* PBXTargetDependency */ = {
			isa = PBXTargetDependency;
			target = AB8443A119A1091300A01DAA /* Matchismo */;
			targetProxy = AB8443C819A1091300A01DAA /* PBXContainerItemProxy */;
		};
/* End PBXTargetDependency section */

/* Begin PBXVariantGroup section */
		AB8443AE19A1091300A01DAA /* InfoPlist.strings */ = {
			isa = PBXVariantGroup;
			children = (
				AB8443AF19A1091300A01DAA /* en */,
			);
			name = InfoPlist.strings;
			sourceTree = "<group>";
		};
		AB8443B719A1091300A01DAA /* Main.storyboard */ = {
			isa = PBXVariantGroup;
			children = (
				AB8443B819A1091300A01DAA /* Base */,
			);
			name = Main.storyboard;
			sourceTree = "<group>";
		};
		AB8443CD19A1091300A01DAA /* InfoPlist.strings */ = {
			isa = PBXVariantGroup;
			children = (
				AB8443CE19A1091300A01DAA /* en */,
			);
			name = InfoPlist.strings;
			sourceTree = "<group>";
		};
/* End PBXVariantGroup section */

/* Begin XCBuildConfiguration section */
		AB8443D219A1091300A01DAA /* Debug */ = {
			isa = XCBuildConfiguration;
			buildSettings = {
				ALWAYS_SEARCH_USER_PATHS = NO;
				CLANG_CXX_LANGUAGE_STANDARD = "gnu++0x";
				CLANG_CXX_LIBRARY = "libc++";
				CLANG_ENABLE_MODULES = YES;
				CLANG_ENABLE_OBJC_ARC = YES;
				CLANG_WARN_BOOL_CONVERSION = YES;
				CLANG_WARN_CONSTANT_CONVERSION = YES;
				CLANG_WARN_DIRECT_OBJC_ISA_USAGE = YES_ERROR;
				CLANG_WARN_EMPTY_BODY = YES;
				CLANG_WARN_ENUM_CONVERSION = YES;
				CLANG_WARN_INT_CONVERSION = YES;
				CLANG_WARN_OBJC_ROOT_CLASS = YES_ERROR;
				CLANG_WARN__DUPLICATE_METHOD_MATCH = YES;
				"CODE_SIGN_IDENTITY[sdk=iphoneos*]" = "iPhone Developer";
				COPY_PHASE_STRIP = NO;
				GCC_C_LANGUAGE_STANDARD = gnu99;
				GCC_DYNAMIC_NO_PIC = NO;
				GCC_OPTIMIZATION_LEVEL = 0;
				GCC_PREPROCESSOR_DEFINITIONS = (
					"DEBUG=1",
					"$(inherited)",
				);
				GCC_SYMBOLS_PRIVATE_EXTERN = NO;
				GCC_WARN_64_TO_32_BIT_CONVERSION = YES;
				GCC_WARN_ABOUT_RETURN_TYPE = YES_ERROR;
				GCC_WARN_UNDECLARED_SELECTOR = YES;
				GCC_WARN_UNINITIALIZED_AUTOS = YES_AGGRESSIVE;
				GCC_WARN_UNUSED_FUNCTION = YES;
				GCC_WARN_UNUSED_VARIABLE = YES;
				IPHONEOS_DEPLOYMENT_TARGET = 7.1;
				ONLY_ACTIVE_ARCH = YES;
				SDKROOT = iphoneos;
			};
			name = Debug;
		};
		AB8443D319A1091300A01DAA /* Release */ = {
			isa = XCBuildConfiguration;
			buildSettings = {
				ALWAYS_SEARCH_USER_PATHS = NO;
				CLANG_CXX_LANGUAGE_STANDARD = "gnu++0x";
				CLANG_CXX_LIBRARY = "libc++";
				CLANG_ENABLE_MODULES = YES;
				CLANG_ENABLE_OBJC_ARC = YES;
				CLANG_WARN_BOOL_CONVERSION = YES;
				CLANG_WARN_CONSTANT_CONVERSION = YES;
				CLANG_WARN_DIRECT_OBJC_ISA_USAGE = YES_ERROR;
				CLANG_WARN_EMPTY_BODY = YES;
				CLANG_WARN_ENUM_CONVERSION = YES;
				CLANG_WARN_INT_CONVERSION = YES;
				CLANG_WARN_OBJC_ROOT_CLASS = YES_ERROR;
				CLANG_WARN__DUPLICATE_METHOD_MATCH = YES;
				"CODE_SIGN_IDENTITY[sdk=iphoneos*]" = "iPhone Developer";
				COPY_PHASE_STRIP = YES;
				ENABLE_NS_ASSERTIONS = NO;
				GCC_C_LANGUAGE_STANDARD = gnu99;
				GCC_WARN_64_TO_32_BIT_CONVERSION = YES;
				GCC_WARN_ABOUT_RETURN_TYPE = YES_ERROR;
				GCC_WARN_UNDECLARED_SELECTOR = YES;
				GCC_WARN_UNINITIALIZED_AUTOS = YES_AGGRESSIVE;
				GCC_WARN_UNUSED_FUNCTION = YES;
				GCC_WARN_UNUSED_VARIABLE = YES;
				IPHONEOS_DEPLOYMENT_TARGET = 7.1;
				SDKROOT = iphoneos;
				VALIDATE_PRODUCT = YES;
			};
			name = Release;
		};
		AB8443D519A1091300A01DAA /* Debug */ = {
			isa = XCBuildConfiguration;
			buildSettings = {
				ASSETCATALOG_COMPILER_APPICON_NAME = AppIcon;
				ASSETCATALOG_COMPILER_LAUNCHIMAGE_NAME = LaunchImage;
				GCC_PRECOMPILE_PREFIX_HEADER = YES;
				GCC_PREFIX_HEADER = "Matchismo/Matchismo-Prefix.pch";
				INFOPLIST_FILE = "Matchismo/Matchismo-Info.plist";
				PRODUCT_NAME = "$(TARGET_NAME)";
				WRAPPER_EXTENSION = app;
			};
			name = Debug;
		};
		AB8443D619A1091300A01DAA /* Release */ = {
			isa = XCBuildConfiguration;
			buildSettings = {
				ASSETCATALOG_COMPILER_APPICON_NAME = AppIcon;
				ASSETCATALOG_COMPILER_LAUNCHIMAGE_NAME = LaunchImage;
				GCC_PRECOMPILE_PREFIX_HEADER = YES;
				GCC_PREFIX_HEADER = "Matchismo/Matchismo-Prefix.pch";
				INFOPLIST_FILE = "Matchismo/Matchismo-Info.plist";
				PRODUCT_NAME = "$(TARGET_NAME)";
				WRAPPER_EXTENSION = app;
			};
			name = Release;
		};
		AB8443D819A1091300A01DAA /* Debug */ = {
			isa = XCBuildConfiguration;
			buildSettings = {
				BUNDLE_LOADER = "$(BUILT_PRODUCTS_DIR)/Matchismo.app/Matchismo";
				FRAMEWORK_SEARCH_PATHS = (
					"$(SDKROOT)/Developer/Library/Frameworks",
					"$(inherited)",
					"$(DEVELOPER_FRAMEWORKS_DIR)",
				);
				GCC_PRECOMPILE_PREFIX_HEADER = YES;
				GCC_PREFIX_HEADER = "Matchismo/Matchismo-Prefix.pch";
				GCC_PREPROCESSOR_DEFINITIONS = (
					"DEBUG=1",
					"$(inherited)",
				);
				INFOPLIST_FILE = "MatchismoTests/MatchismoTests-Info.plist";
				PRODUCT_NAME = "$(TARGET_NAME)";
				TEST_HOST = "$(BUNDLE_LOADER)";
				WRAPPER_EXTENSION = xctest;
			};
			name = Debug;
		};
		AB8443D919A1091300A01DAA /* Release */ = {
			isa = XCBuildConfiguration;
			buildSettings = {
				BUNDLE_LOADER = "$(BUILT_PRODUCTS_DIR)/Matchismo.app/Matchismo";
				FRAMEWORK_SEARCH_PATHS = (
					"$(SDKROOT)/Developer/Library/Frameworks",
					"$(inherited)",
					"$(DEVELOPER_FRAMEWORKS_DIR)",
				);
				GCC_PRECOMPILE_PREFIX_HEADER = YES;
				GCC_PREFIX_HEADER = "Matchismo/Matchismo-Prefix.pch";
				INFOPLIST_FILE = "MatchismoTests/MatchismoTests-Info.plist";
				PRODUCT_NAME = "$(TARGET_NAME)";
				TEST_HOST = "$(BUNDLE_LOADER)";
				WRAPPER_EXTENSION = xctest;
			};
			name = Release;
		};
/* End XCBuildConfiguration section */

/* Begin XCConfigurationList section */
		AB84439D19A1091300A01DAA /* Build configuration list for PBXProject "Matchismo" */ = {
			isa = XCConfigurationList;
			buildConfigurations = (
				AB8443D219A1091300A01DAA /* Debug */,
				AB8443D319A1091300A01DAA /* Release */,
			);
			defaultConfigurationIsVisible = 0;
			defaultConfigurationName = Release;
		};
		AB8443D419A1091300A01DAA /* Build configuration list for PBXNativeTarget "Matchismo" */ = {
			isa = XCConfigurationList;
			buildConfigurations = (
				AB8443D519A1091300A01DAA /* Debug */,
				AB8443D619A1091300A01DAA /* Release */,
			);
			defaultConfigurationIsVisible = 0;
		};
		AB8443D719A1091300A01DAA /* Build configuration list for PBXNativeTarget "MatchismoTests" */ = {
			isa = XCConfigurationList;
			buildConfigurations = (
				AB8443D819A1091300A01DAA /* Debug */,
				AB8443D919A1091300A01DAA /* Release */,
			);
			defaultConfigurationIsVisible = 0;
		};
/* End XCConfigurationList section */
	};
	rootObject = AB84439A19A1091300A01DAA /* Project object */;
}
